
Microsoft Visual Studio Solution File, Format Version 12.00
# Visual Studio Version 16
VisualStudioVersion = 16.0.31410.357
MinimumVisualStudioVersion = 10.0.40219.1
Project("{FAE04EC0-301F-11D3-BF4B-00C04F79EFBC}") = "OOP3", "OOP3.csproj", "{96D76AA4-2585-4630-A940-99917A3C9309}"
EndProject
Global
	GlobalSection(SolutionConfigurationPlatforms) = preSolution
		Debug|Any CPU = Debug|Any CPU
		Release|Any CPU = Release|Any CPU
	EndGlobalSection
	GlobalSection(ProjectConfigurationPlatforms) = postSolution
		{96D76AA4-2585-4630-A940-99917A3C9309}.Debug|Any CPU.ActiveCfg = Debug|Any CPU
		{96D76AA4-2585-4630-A940-99917A3C9309}.Debug|Any CPU.Build.0 = Debug|Any CPU
		{96D76AA4-2585-4630-A940-99917A3C9309}.Release|Any CPU.ActiveCfg = Release|Any CPU
		{96D76AA4-2585-4630-A940-99917A3C9309}.Release|Any CPU.Build.0 = Release|Any CPU
	EndGlobalSection
	GlobalSection(SolutionProperties) = preSolution
		HideSolutionNode = FALSE
	EndGlobalSection
	GlobalSection(ExtensibilityGlobals) = postSolution
		SolutionGuid = {7022AE71-751C-4C83-83FD-36405A263913}
	EndGlobalSection
EndGlobal
